
Microsoft Visual Studio Solution File, Format Version 12.00
# Visual Studio Version 17
VisualStudioVersion = 17.5.002.0
MinimumVisualStudioVersion = 10.0.40219.1
Project("{9A19103F-16F7-4668-BE54-9A1E7A4F7556}") = "APL2007M3SalesReport-InlineChat", "APL2007M3SalesReport-InlineChat\APL2007M3SalesReport-InlineChat.csproj", "{3CCF1646-3D49-4953-9844-2F6380E3E0F2}"
EndProject
Project("{9A19103F-16F7-4668-BE54-9A1E7A4F7556}") = "APL2007M2Sample2", "APL2007M2Sample2\APL2007M2Sample2.csproj", "{8085EA5F-0B5C-4910-9CB9-40A6029EDE77}"
EndProject
Project("{9A19103F-16F7-4668-BE54-9A1E7A4F7556}") = "APL2007M2Sample1", "APL2007M2Sample1\APL2007M2Sample1.csproj", "{90C55205-7CBE-493E-AFF8-19C070595F09}"
EndProject
Project("{9A19103F-16F7-4668-BE54-9A1E7A4F7556}") = "APL2007M5", "APL2007M5SalesReport\APL2007M5.csproj", "{21B26F57-89C5-49B0-91FE-5D4959CF01FB}"
EndProject
Project("{9A19103F-16F7-4668-BE54-9A1E7A4F7556}") = "APL2007M3", "APL2007M3\APL2007M3.csproj", "{8967CE87-D0D6-492F-9D77-B9D0A4A439FB}"
EndProject
Project("{9A19103F-16F7-4668-BE54-9A1E7A4F7556}") = "APL2007M3SalesReport-NewCodeChallenge", "APL2007M3SalesReport-NewCodeChallenge\APL2007M3SalesReport-NewCodeChallenge.csproj", "{BD899479-82E2-4F95-B993-1790EE06B6CC}"
EndProject
Project("{9A19103F-16F7-4668-BE54-9A1E7A4F7556}") = "APL2007M3SalesReport-SalesOrders", "APL2007M3SalesReport-SalesOrders\APL2007M3SalesReport-SalesOrders.csproj", "{47A5A78C-3E9D-4C40-AC6F-8E9599752E69}"
EndProject
Project("{9A19103F-16F7-4668-BE54-9A1E7A4F7556}") = "APL2007M3SalesReport", "APL2007M3SalesReport-CodeLogicChallenge\APL2007M3SalesReport.csproj", "{9D19F4A9-C9F9-4AC5-8691-E171F5FFD597}"
EndProject
Project("{2150E333-8FDC-42A3-9474-1A3956D46DE8}") = "APL2007M4PrimeService", "APL2007M4PrimeService", "{10E02350-9404-4BA5-81EF-28C3AA291A02}"
EndProject
Project("{9A19103F-16F7-4668-BE54-9A1E7A4F7556}") = "Numbers", "APL2007M4PrimeService\Numbers\Numbers.csproj", "{EA1DDB0C-B4BF-4A4B-9C21-BFF74ECA9EC0}"
EndProject
Project("{2150E333-8FDC-42A3-9474-1A3956D46DE8}") = "APL2007M5BankAccount", "APL2007M5BankAccount", "{DC86CEB2-DA9C-4C44-9FF2-A7332B21EEA7}"
EndProject
Project("{9A19103F-16F7-4668-BE54-9A1E7A4F7556}") = "BankAccount", "APL2007M5BankAccount\BankAccountClass\BankAccount.csproj", "{C89AD163-95AE-427D-96A2-2D8B8EB77F4A}"
EndProject
Project("{9A19103F-16F7-4668-BE54-9A1E7A4F7556}") = "BankAccount.UnitTests", "APL2007M5BankAccount\BankAccount.UnitTests\BankAccount.UnitTests.csproj", "{CF7D65B3-6051-4F3A-98ED-7840CBB19172}"
EndProject
Project("{2150E333-8FDC-42A3-9474-1A3956D46DE8}") = "APL2007M4BankAccount", "APL2007M4BankAccount", "{D31376A1-C05A-4D65-B7DF-EC82F3A16E0F}"
EndProject
Project("{9A19103F-16F7-4668-BE54-9A1E7A4F7556}") = "BankAccount", "APL2007M4BankAccount\BankAccountClass\BankAccount.csproj", "{61CA77F9-E56D-43B0-BA0E-6F636BD314A8}"
EndProject
Project("{2150E333-8FDC-42A3-9474-1A3956D46DE8}") = "APL2007M5BankAccount-Reliability", "APL2007M5BankAccount-Reliability", "{49F8317A-351D-40A0-9228-F6C75F20D767}"
EndProject
Project("{9A19103F-16F7-4668-BE54-9A1E7A4F7556}") = "BankAccount", "APL2007M5BankAccount-Reliability\BankAccountClass\BankAccount.csproj", "{7662A0A8-F0CE-4905-953E-CE57AF3F23C2}"
EndProject
Project("{9A19103F-16F7-4668-BE54-9A1E7A4F7556}") = "BankAccount.UnitTests", "APL2007M5BankAccount-Reliability\BankAccount.UnitTests\BankAccount.UnitTests.csproj", "{7C1B47F7-36FF-4F8D-BFD2-501C9A89F4D8}"
EndProject
Project("{2150E333-8FDC-42A3-9474-1A3956D46DE8}") = "APL2007M4PrimeService-UnitTests", "APL2007M4PrimeService-UnitTests", "{DB89D036-052F-42D1-A630-8668A40CB253}"
EndProject
Project("{9A19103F-16F7-4668-BE54-9A1E7A4F7556}") = "PrimeService.UnitTests", "APL2007M4PrimeService-UnitTests\PrimeService.UnitTests\PrimeService.UnitTests.csproj", "{3C8757CD-F258-4B38-901C-3699BD3FD89D}"
EndProject
Project("{9A19103F-16F7-4668-BE54-9A1E7A4F7556}") = "Numbers", "APL2007M4PrimeService-UnitTests\Numbers\Numbers.csproj", "{2151DBB8-8FA3-41AF-97B5-015B4D2F7DEC}"
EndProject
Project("{2150E333-8FDC-42A3-9474-1A3956D46DE8}") = "APL2007M5BankAccount-Security", "APL2007M5BankAccount-Security", "{E9E89041-AA30-44FF-AA9E-1FDAD825C892}"
EndProject
Project("{9A19103F-16F7-4668-BE54-9A1E7A4F7556}") = "BankAccount", "APL2007M5BankAccount-Security\BankAccountClass\BankAccount.csproj", "{7565DC89-70D9-4586-9EB3-D89D3C30D209}"
EndProject
Project("{9A19103F-16F7-4668-BE54-9A1E7A4F7556}") = "BankAccount.UnitTests", "APL2007M5BankAccount-Security\BankAccount.UnitTests\BankAccount.UnitTests.csproj", "{398FDBB6-DED9-4EA6-8E97-01B1572DFCAE}"
EndProject
Project("{2150E333-8FDC-42A3-9474-1A3956D46DE8}") = "APL2007M4SalesReport", "APL2007M4SalesReport", "{C8FEF380-2DA7-433D-8B05-DF7DA12BA75B}"
EndProject
Project("{9A19103F-16F7-4668-BE54-9A1E7A4F7556}") = "APL2007M4", "APL2007M4SalesReport\SalesReportApp\APL2007M4.csproj", "{F5CF1FE7-01D8-4B2F-96B6-D09BE2D4BE00}"
EndProject
Global
	GlobalSection(SolutionConfigurationPlatforms) = preSolution
		Debug|Any CPU = Debug|Any CPU
		Release|Any CPU = Release|Any CPU
	EndGlobalSection
	GlobalSection(ProjectConfigurationPlatforms) = postSolution
		{3CCF1646-3D49-4953-9844-2F6380E3E0F2}.Debug|Any CPU.ActiveCfg = Debug|Any CPU
		{3CCF1646-3D49-4953-9844-2F6380E3E0F2}.Debug|Any CPU.Build.0 = Debug|Any CPU
		{3CCF1646-3D49-4953-9844-2F6380E3E0F2}.Release|Any CPU.ActiveCfg = Release|Any CPU
		{3CCF1646-3D49-4953-9844-2F6380E3E0F2}.Release|Any CPU.Build.0 = Release|Any CPU
		{8085EA5F-0B5C-4910-9CB9-40A6029EDE77}.Debug|Any CPU.ActiveCfg = Debug|Any CPU
		{8085EA5F-0B5C-4910-9CB9-40A6029EDE77}.Debug|Any CPU.Build.0 = Debug|Any CPU
		{8085EA5F-0B5C-4910-9CB9-40A6029EDE77}.Release|Any CPU.ActiveCfg = Release|Any CPU
		{8085EA5F-0B5C-4910-9CB9-40A6029EDE77}.Release|Any CPU.Build.0 = Release|Any CPU
		{90C55205-7CBE-493E-AFF8-19C070595F09}.Debug|Any CPU.ActiveCfg = Debug|Any CPU
		{90C55205-7CBE-493E-AFF8-19C070595F09}.Debug|Any CPU.Build.0 = Debug|Any CPU
		{90C55205-7CBE-493E-AFF8-19C070595F09}.Release|Any CPU.ActiveCfg = Release|Any CPU
		{90C55205-7CBE-493E-AFF8-19C070595F09}.Release|Any CPU.Build.0 = Release|Any CPU
		{21B26F57-89C5-49B0-91FE-5D4959CF01FB}.Debug|Any CPU.ActiveCfg = Debug|Any CPU
		{21B26F57-89C5-49B0-91FE-5D4959CF01FB}.Debug|Any CPU.Build.0 = Debug|Any CPU
		{21B26F57-89C5-49B0-91FE-5D4959CF01FB}.Release|Any CPU.ActiveCfg = Release|Any CPU
		{21B26F57-89C5-49B0-91FE-5D4959CF01FB}.Release|Any CPU.Build.0 = Release|Any CPU
		{8967CE87-D0D6-492F-9D77-B9D0A4A439FB}.Debug|Any CPU.ActiveCfg = Debug|Any CPU
		{8967CE87-D0D6-492F-9D77-B9D0A4A439FB}.Debug|Any CPU.Build.0 = Debug|Any CPU
		{8967CE87-D0D6-492F-9D77-B9D0A4A439FB}.Release|Any CPU.ActiveCfg = Release|Any CPU
		{8967CE87-D0D6-492F-9D77-B9D0A4A439FB}.Release|Any CPU.Build.0 = Release|Any CPU
		{BD899479-82E2-4F95-B993-1790EE06B6CC}.Debug|Any CPU.ActiveCfg = Debug|Any CPU
		{BD899479-82E2-4F95-B993-1790EE06B6CC}.Debug|Any CPU.Build.0 = Debug|Any CPU
		{BD899479-82E2-4F95-B993-1790EE06B6CC}.Release|Any CPU.ActiveCfg = Release|Any CPU
		{BD899479-82E2-4F95-B993-1790EE06B6CC}.Release|Any CPU.Build.0 = Release|Any CPU
		{47A5A78C-3E9D-4C40-AC6F-8E9599752E69}.Debug|Any CPU.ActiveCfg = Debug|Any CPU
		{47A5A78C-3E9D-4C40-AC6F-8E9599752E69}.Debug|Any CPU.Build.0 = Debug|Any CPU
		{47A5A78C-3E9D-4C40-AC6F-8E9599752E69}.Release|Any CPU.ActiveCfg = Release|Any CPU
		{47A5A78C-3E9D-4C40-AC6F-8E9599752E69}.Release|Any CPU.Build.0 = Release|Any CPU
		{9D19F4A9-C9F9-4AC5-8691-E171F5FFD597}.Debug|Any CPU.ActiveCfg = Debug|Any CPU
		{9D19F4A9-C9F9-4AC5-8691-E171F5FFD597}.Debug|Any CPU.Build.0 = Debug|Any CPU
		{9D19F4A9-C9F9-4AC5-8691-E171F5FFD597}.Release|Any CPU.ActiveCfg = Release|Any CPU
		{9D19F4A9-C9F9-4AC5-8691-E171F5FFD597}.Release|Any CPU.Build.0 = Release|Any CPU
		{EA1DDB0C-B4BF-4A4B-9C21-BFF74ECA9EC0}.Debug|Any CPU.ActiveCfg = Debug|Any CPU
		{EA1DDB0C-B4BF-4A4B-9C21-BFF74ECA9EC0}.Debug|Any CPU.Build.0 = Debug|Any CPU
		{EA1DDB0C-B4BF-4A4B-9C21-BFF74ECA9EC0}.Release|Any CPU.ActiveCfg = Release|Any CPU
		{EA1DDB0C-B4BF-4A4B-9C21-BFF74ECA9EC0}.Release|Any CPU.Build.0 = Release|Any CPU
		{C89AD163-95AE-427D-96A2-2D8B8EB77F4A}.Debug|Any CPU.ActiveCfg = Debug|Any CPU
		{C89AD163-95AE-427D-96A2-2D8B8EB77F4A}.Debug|Any CPU.Build.0 = Debug|Any CPU
		{C89AD163-95AE-427D-96A2-2D8B8EB77F4A}.Release|Any CPU.ActiveCfg = Release|Any CPU
		{C89AD163-95AE-427D-96A2-2D8B8EB77F4A}.Release|Any CPU.Build.0 = Release|Any CPU
		{CF7D65B3-6051-4F3A-98ED-7840CBB19172}.Debug|Any CPU.ActiveCfg = Debug|Any CPU
		{CF7D65B3-6051-4F3A-98ED-7840CBB19172}.Debug|Any CPU.Build.0 = Debug|Any CPU
		{CF7D65B3-6051-4F3A-98ED-7840CBB19172}.Release|Any CPU.ActiveCfg = Release|Any CPU
		{CF7D65B3-6051-4F3A-98ED-7840CBB19172}.Release|Any CPU.Build.0 = Release|Any CPU
		{61CA77F9-E56D-43B0-BA0E-6F636BD314A8}.Debug|Any CPU.ActiveCfg = Debug|Any CPU
		{61CA77F9-E56D-43B0-BA0E-6F636BD314A8}.Debug|Any CPU.Build.0 = Debug|Any CPU
		{61CA77F9-E56D-43B0-BA0E-6F636BD314A8}.Release|Any CPU.ActiveCfg = Release|Any CPU
		{61CA77F9-E56D-43B0-BA0E-6F636BD314A8}.Release|Any CPU.Build.0 = Release|Any CPU
		{7662A0A8-F0CE-4905-953E-CE57AF3F23C2}.Debug|Any CPU.ActiveCfg = Debug|Any CPU
		{7662A0A8-F0CE-4905-953E-CE57AF3F23C2}.Debug|Any CPU.Build.0 = Debug|Any CPU
		{7662A0A8-F0CE-4905-953E-CE57AF3F23C2}.Release|Any CPU.ActiveCfg = Release|Any CPU
		{7662A0A8-F0CE-4905-953E-CE57AF3F23C2}.Release|Any CPU.Build.0 = Release|Any CPU
		{7C1B47F7-36FF-4F8D-BFD2-501C9A89F4D8}.Debug|Any CPU.ActiveCfg = Debug|Any CPU
		{7C1B47F7-36FF-4F8D-BFD2-501C9A89F4D8}.Debug|Any CPU.Build.0 = Debug|Any CPU
		{7C1B47F7-36FF-4F8D-BFD2-501C9A89F4D8}.Release|Any CPU.ActiveCfg = Release|Any CPU
		{7C1B47F7-36FF-4F8D-BFD2-501C9A89F4D8}.Release|Any CPU.Build.0 = Release|Any CPU
		{3C8757CD-F258-4B38-901C-3699BD3FD89D}.Debug|Any CPU.ActiveCfg = Debug|Any CPU
		{3C8757CD-F258-4B38-901C-3699BD3FD89D}.Debug|Any CPU.Build.0 = Debug|Any CPU
		{3C8757CD-F258-4B38-901C-3699BD3FD89D}.Release|Any CPU.ActiveCfg = Release|Any CPU
		{3C8757CD-F258-4B38-901C-3699BD3FD89D}.Release|Any CPU.Build.0 = Release|Any CPU
		{2151DBB8-8FA3-41AF-97B5-015B4D2F7DEC}.Debug|Any CPU.ActiveCfg = Debug|Any CPU
		{2151DBB8-8FA3-41AF-97B5-015B4D2F7DEC}.Debug|Any CPU.Build.0 = Debug|Any CPU
		{2151DBB8-8FA3-41AF-97B5-015B4D2F7DEC}.Release|Any CPU.ActiveCfg = Release|Any CPU
		{2151DBB8-8FA3-41AF-97B5-015B4D2F7DEC}.Release|Any CPU.Build.0 = Release|Any CPU
		{7565DC89-70D9-4586-9EB3-D89D3C30D209}.Debug|Any CPU.ActiveCfg = Debug|Any CPU
		{7565DC89-70D9-4586-9EB3-D89D3C30D209}.Debug|Any CPU.Build.0 = Debug|Any CPU
		{7565DC89-70D9-4586-9EB3-D89D3C30D209}.Release|Any CPU.ActiveCfg = Release|Any CPU
		{7565DC89-70D9-4586-9EB3-D89D3C30D209}.Release|Any CPU.Build.0 = Release|Any CPU
		{398FDBB6-DED9-4EA6-8E97-01B1572DFCAE}.Debug|Any CPU.ActiveCfg = Debug|Any CPU
		{398FDBB6-DED9-4EA6-8E97-01B1572DFCAE}.Debug|Any CPU.Build.0 = Debug|Any CPU
		{398FDBB6-DED9-4EA6-8E97-01B1572DFCAE}.Release|Any CPU.ActiveCfg = Release|Any CPU
		{398FDBB6-DED9-4EA6-8E97-01B1572DFCAE}.Release|Any CPU.Build.0 = Release|Any CPU
		{F5CF1FE7-01D8-4B2F-96B6-D09BE2D4BE00}.Debug|Any CPU.ActiveCfg = Debug|Any CPU
		{F5CF1FE7-01D8-4B2F-96B6-D09BE2D4BE00}.Debug|Any CPU.Build.0 = Debug|Any CPU
		{F5CF1FE7-01D8-4B2F-96B6-D09BE2D4BE00}.Release|Any CPU.ActiveCfg = Release|Any CPU
		{F5CF1FE7-01D8-4B2F-96B6-D09BE2D4BE00}.Release|Any CPU.Build.0 = Release|Any CPU
	EndGlobalSection
	GlobalSection(SolutionProperties) = preSolution
		HideSolutionNode = FALSE
	EndGlobalSection
	GlobalSection(NestedProjects) = preSolution
		{EA1DDB0C-B4BF-4A4B-9C21-BFF74ECA9EC0} = {10E02350-9404-4BA5-81EF-28C3AA291A02}
		{C89AD163-95AE-427D-96A2-2D8B8EB77F4A} = {DC86CEB2-DA9C-4C44-9FF2-A7332B21EEA7}
		{CF7D65B3-6051-4F3A-98ED-7840CBB19172} = {DC86CEB2-DA9C-4C44-9FF2-A7332B21EEA7}
		{61CA77F9-E56D-43B0-BA0E-6F636BD314A8} = {D31376A1-C05A-4D65-B7DF-EC82F3A16E0F}
		{7662A0A8-F0CE-4905-953E-CE57AF3F23C2} = {49F8317A-351D-40A0-9228-F6C75F20D767}
		{7C1B47F7-36FF-4F8D-BFD2-501C9A89F4D8} = {49F8317A-351D-40A0-9228-F6C75F20D767}
		{3C8757CD-F258-4B38-901C-3699BD3FD89D} = {DB89D036-052F-42D1-A630-8668A40CB253}
		{2151DBB8-8FA3-41AF-97B5-015B4D2F7DEC} = {DB89D036-052F-42D1-A630-8668A40CB253}
		{7565DC89-70D9-4586-9EB3-D89D3C30D209} = {E9E89041-AA30-44FF-AA9E-1FDAD825C892}
		{398FDBB6-DED9-4EA6-8E97-01B1572DFCAE} = {E9E89041-AA30-44FF-AA9E-1FDAD825C892}
		{F5CF1FE7-01D8-4B2F-96B6-D09BE2D4BE00} = {C8FEF380-2DA7-433D-8B05-DF7DA12BA75B}
	EndGlobalSection
	GlobalSection(ExtensibilityGlobals) = postSolution
		SolutionGuid = {41D91E58-88D9-456B-B666-4378A27753BF}
	EndGlobalSection
EndGlobal
