
Microsoft Visual Studio Solution File, Format Version 12.00
# Visual Studio Version 17
VisualStudioVersion = 17.5.002.0
MinimumVisualStudioVersion = 10.0.40219.1
Project("{9A19103F-16F7-4668-BE54-9A1E7A4F7556}") = "APL2007M3SalesReport-InlineChat", "APL2007M3SalesReport-InlineChat\APL2007M3SalesReport-InlineChat.csproj", "{BD1E8B84-5698-4D09-84B9-508B456ACF9A}"
EndProject
Project("{9A19103F-16F7-4668-BE54-9A1E7A4F7556}") = "APL2007M2Sample2", "APL2007M2Sample2\APL2007M2Sample2.csproj", "{7D287F56-E100-4BBA-91BC-8A66C5860563}"
EndProject
Project("{9A19103F-16F7-4668-BE54-9A1E7A4F7556}") = "APL2007M2Sample1", "APL2007M2Sample1\APL2007M2Sample1.csproj", "{96E94FF0-0D4E-4A51-8E2F-40A80166BE44}"
EndProject
Project("{9A19103F-16F7-4668-BE54-9A1E7A4F7556}") = "APL2007M5", "APL2007M5SalesReport\APL2007M5.csproj", "{1E8E99D9-1A67-4EDD-BEE4-AD25CC98BEFA}"
EndProject
Project("{9A19103F-16F7-4668-BE54-9A1E7A4F7556}") = "APL2007M3SalesReport-NewCodeChallenge", "APL2007M3SalesReport-NewCodeChallenge\APL2007M3SalesReport-NewCodeChallenge.csproj", "{C809C8A2-A46D-4EF3-9AD8-F57551225F4D}"
EndProject
Project("{9A19103F-16F7-4668-BE54-9A1E7A4F7556}") = "APL2007M3SalesReport-SalesOrders", "APL2007M3SalesReport-SalesOrders\APL2007M3SalesReport-SalesOrders.csproj", "{1F3A683A-5207-431F-A77A-F3A073B33FBF}"
EndProject
Project("{9A19103F-16F7-4668-BE54-9A1E7A4F7556}") = "APL2007M3SalesReport", "APL2007M3SalesReport-CodeLogicChallenge\APL2007M3SalesReport.csproj", "{06462E2A-83A7-41B9-A9D5-838FFF8D3AD7}"
EndProject
Project("{2150E333-8FDC-42A3-9474-1A3956D46DE8}") = "APL2007M4PrimeService", "APL2007M4PrimeService", "{C18ECDA1-22C1-414D-A61F-DDDB48479D71}"
EndProject
Project("{9A19103F-16F7-4668-BE54-9A1E7A4F7556}") = "Numbers", "APL2007M4PrimeService\Numbers\Numbers.csproj", "{B38E4D72-AD5C-4BF7-87F4-392EB639A693}"
EndProject
Project("{2150E333-8FDC-42A3-9474-1A3956D46DE8}") = "APL2007M5BankAccount", "APL2007M5BankAccount", "{C00966CD-908A-48D0-9199-A3ACAB5F1D0E}"
EndProject
Project("{9A19103F-16F7-4668-BE54-9A1E7A4F7556}") = "BankAccount", "APL2007M5BankAccount\BankAccountClass\BankAccount.csproj", "{9C9A20ED-E876-4AF5-8A07-C0D40FF893E7}"
EndProject
Project("{9A19103F-16F7-4668-BE54-9A1E7A4F7556}") = "BankAccount.UnitTests", "APL2007M5BankAccount\BankAccount.UnitTests\BankAccount.UnitTests.csproj", "{7E310C15-4435-43F1-A771-33D245E635FD}"
EndProject
Project("{2150E333-8FDC-42A3-9474-1A3956D46DE8}") = "APL2007M4BankAccount", "APL2007M4BankAccount", "{369391B2-7B10-40A0-B9C7-BD346C613F04}"
EndProject
Project("{9A19103F-16F7-4668-BE54-9A1E7A4F7556}") = "BankAccount", "APL2007M4BankAccount\BankAccountClass\BankAccount.csproj", "{03879531-7267-4F43-ADE0-7E6AFBA59480}"
EndProject
Project("{2150E333-8FDC-42A3-9474-1A3956D46DE8}") = "APL2007M5BankAccount-Reliability", "APL2007M5BankAccount-Reliability", "{110B69AD-1D3E-477E-BA6F-EDB325AD4E53}"
EndProject
Project("{9A19103F-16F7-4668-BE54-9A1E7A4F7556}") = "BankAccount", "APL2007M5BankAccount-Reliability\BankAccountClass\BankAccount.csproj", "{C7DB7E18-E394-4E3B-B843-5C3CD968DC60}"
EndProject
Project("{9A19103F-16F7-4668-BE54-9A1E7A4F7556}") = "BankAccount.UnitTests", "APL2007M5BankAccount-Reliability\BankAccount.UnitTests\BankAccount.UnitTests.csproj", "{31AC0FA6-2CC0-4F87-8B3F-DE25F5A49920}"
EndProject
Project("{2150E333-8FDC-42A3-9474-1A3956D46DE8}") = "APL2007M4PrimeService-UnitTests", "APL2007M4PrimeService-UnitTests", "{8FA2BE87-D832-4899-8992-E09FD923ED43}"
EndProject
Project("{9A19103F-16F7-4668-BE54-9A1E7A4F7556}") = "PrimeService.UnitTests", "APL2007M4PrimeService-UnitTests\PrimeService.UnitTests\PrimeService.UnitTests.csproj", "{2B1D207C-846D-4FAB-85A7-F82E51EA3922}"
EndProject
Project("{9A19103F-16F7-4668-BE54-9A1E7A4F7556}") = "Numbers", "APL2007M4PrimeService-UnitTests\Numbers\Numbers.csproj", "{44DCB102-CD8E-4F36-9D47-7730F9108491}"
EndProject
Project("{2150E333-8FDC-42A3-9474-1A3956D46DE8}") = "APL2007M5BankAccount-Security", "APL2007M5BankAccount-Security", "{94631D94-08FD-44C6-8256-4A725BA63E18}"
EndProject
Project("{9A19103F-16F7-4668-BE54-9A1E7A4F7556}") = "BankAccount", "APL2007M5BankAccount-Security\BankAccountClass\BankAccount.csproj", "{CF0CCF2F-4AF0-4EE1-BA19-37E410F49AA8}"
EndProject
Project("{9A19103F-16F7-4668-BE54-9A1E7A4F7556}") = "BankAccount.UnitTests", "APL2007M5BankAccount-Security\BankAccount.UnitTests\BankAccount.UnitTests.csproj", "{B5343027-861B-40AB-95B8-2FFF42F76644}"
EndProject
Project("{2150E333-8FDC-42A3-9474-1A3956D46DE8}") = "APL2007M4SalesReport", "APL2007M4SalesReport", "{3D9ADE34-DE27-46EE-9727-FA583C76EB04}"
EndProject
Project("{9A19103F-16F7-4668-BE54-9A1E7A4F7556}") = "APL2007M4", "APL2007M4SalesReport\SalesReportApp\APL2007M4.csproj", "{4606D49C-E926-4F1D-B1A2-60836B3DDC4F}"
EndProject
Global
	GlobalSection(SolutionConfigurationPlatforms) = preSolution
		Debug|Any CPU = Debug|Any CPU
		Release|Any CPU = Release|Any CPU
	EndGlobalSection
	GlobalSection(ProjectConfigurationPlatforms) = postSolution
		{BD1E8B84-5698-4D09-84B9-508B456ACF9A}.Debug|Any CPU.ActiveCfg = Debug|Any CPU
		{BD1E8B84-5698-4D09-84B9-508B456ACF9A}.Debug|Any CPU.Build.0 = Debug|Any CPU
		{BD1E8B84-5698-4D09-84B9-508B456ACF9A}.Release|Any CPU.ActiveCfg = Release|Any CPU
		{BD1E8B84-5698-4D09-84B9-508B456ACF9A}.Release|Any CPU.Build.0 = Release|Any CPU
		{7D287F56-E100-4BBA-91BC-8A66C5860563}.Debug|Any CPU.ActiveCfg = Debug|Any CPU
		{7D287F56-E100-4BBA-91BC-8A66C5860563}.Debug|Any CPU.Build.0 = Debug|Any CPU
		{7D287F56-E100-4BBA-91BC-8A66C5860563}.Release|Any CPU.ActiveCfg = Release|Any CPU
		{7D287F56-E100-4BBA-91BC-8A66C5860563}.Release|Any CPU.Build.0 = Release|Any CPU
		{96E94FF0-0D4E-4A51-8E2F-40A80166BE44}.Debug|Any CPU.ActiveCfg = Debug|Any CPU
		{96E94FF0-0D4E-4A51-8E2F-40A80166BE44}.Debug|Any CPU.Build.0 = Debug|Any CPU
		{96E94FF0-0D4E-4A51-8E2F-40A80166BE44}.Release|Any CPU.ActiveCfg = Release|Any CPU
		{96E94FF0-0D4E-4A51-8E2F-40A80166BE44}.Release|Any CPU.Build.0 = Release|Any CPU
		{1E8E99D9-1A67-4EDD-BEE4-AD25CC98BEFA}.Debug|Any CPU.ActiveCfg = Debug|Any CPU
		{1E8E99D9-1A67-4EDD-BEE4-AD25CC98BEFA}.Debug|Any CPU.Build.0 = Debug|Any CPU
		{1E8E99D9-1A67-4EDD-BEE4-AD25CC98BEFA}.Release|Any CPU.ActiveCfg = Release|Any CPU
		{1E8E99D9-1A67-4EDD-BEE4-AD25CC98BEFA}.Release|Any CPU.Build.0 = Release|Any CPU
		{C809C8A2-A46D-4EF3-9AD8-F57551225F4D}.Debug|Any CPU.ActiveCfg = Debug|Any CPU
		{C809C8A2-A46D-4EF3-9AD8-F57551225F4D}.Debug|Any CPU.Build.0 = Debug|Any CPU
		{C809C8A2-A46D-4EF3-9AD8-F57551225F4D}.Release|Any CPU.ActiveCfg = Release|Any CPU
		{C809C8A2-A46D-4EF3-9AD8-F57551225F4D}.Release|Any CPU.Build.0 = Release|Any CPU
		{1F3A683A-5207-431F-A77A-F3A073B33FBF}.Debug|Any CPU.ActiveCfg = Debug|Any CPU
		{1F3A683A-5207-431F-A77A-F3A073B33FBF}.Debug|Any CPU.Build.0 = Debug|Any CPU
		{1F3A683A-5207-431F-A77A-F3A073B33FBF}.Release|Any CPU.ActiveCfg = Release|Any CPU
		{1F3A683A-5207-431F-A77A-F3A073B33FBF}.Release|Any CPU.Build.0 = Release|Any CPU
		{06462E2A-83A7-41B9-A9D5-838FFF8D3AD7}.Debug|Any CPU.ActiveCfg = Debug|Any CPU
		{06462E2A-83A7-41B9-A9D5-838FFF8D3AD7}.Debug|Any CPU.Build.0 = Debug|Any CPU
		{06462E2A-83A7-41B9-A9D5-838FFF8D3AD7}.Release|Any CPU.ActiveCfg = Release|Any CPU
		{06462E2A-83A7-41B9-A9D5-838FFF8D3AD7}.Release|Any CPU.Build.0 = Release|Any CPU
		{B38E4D72-AD5C-4BF7-87F4-392EB639A693}.Debug|Any CPU.ActiveCfg = Debug|Any CPU
		{B38E4D72-AD5C-4BF7-87F4-392EB639A693}.Debug|Any CPU.Build.0 = Debug|Any CPU
		{B38E4D72-AD5C-4BF7-87F4-392EB639A693}.Release|Any CPU.ActiveCfg = Release|Any CPU
		{B38E4D72-AD5C-4BF7-87F4-392EB639A693}.Release|Any CPU.Build.0 = Release|Any CPU
		{9C9A20ED-E876-4AF5-8A07-C0D40FF893E7}.Debug|Any CPU.ActiveCfg = Debug|Any CPU
		{9C9A20ED-E876-4AF5-8A07-C0D40FF893E7}.Debug|Any CPU.Build.0 = Debug|Any CPU
		{9C9A20ED-E876-4AF5-8A07-C0D40FF893E7}.Release|Any CPU.ActiveCfg = Release|Any CPU
		{9C9A20ED-E876-4AF5-8A07-C0D40FF893E7}.Release|Any CPU.Build.0 = Release|Any CPU
		{7E310C15-4435-43F1-A771-33D245E635FD}.Debug|Any CPU.ActiveCfg = Debug|Any CPU
		{7E310C15-4435-43F1-A771-33D245E635FD}.Debug|Any CPU.Build.0 = Debug|Any CPU
		{7E310C15-4435-43F1-A771-33D245E635FD}.Release|Any CPU.ActiveCfg = Release|Any CPU
		{7E310C15-4435-43F1-A771-33D245E635FD}.Release|Any CPU.Build.0 = Release|Any CPU
		{03879531-7267-4F43-ADE0-7E6AFBA59480}.Debug|Any CPU.ActiveCfg = Debug|Any CPU
		{03879531-7267-4F43-ADE0-7E6AFBA59480}.Debug|Any CPU.Build.0 = Debug|Any CPU
		{03879531-7267-4F43-ADE0-7E6AFBA59480}.Release|Any CPU.ActiveCfg = Release|Any CPU
		{03879531-7267-4F43-ADE0-7E6AFBA59480}.Release|Any CPU.Build.0 = Release|Any CPU
		{C7DB7E18-E394-4E3B-B843-5C3CD968DC60}.Debug|Any CPU.ActiveCfg = Debug|Any CPU
		{C7DB7E18-E394-4E3B-B843-5C3CD968DC60}.Debug|Any CPU.Build.0 = Debug|Any CPU
		{C7DB7E18-E394-4E3B-B843-5C3CD968DC60}.Release|Any CPU.ActiveCfg = Release|Any CPU
		{C7DB7E18-E394-4E3B-B843-5C3CD968DC60}.Release|Any CPU.Build.0 = Release|Any CPU
		{31AC0FA6-2CC0-4F87-8B3F-DE25F5A49920}.Debug|Any CPU.ActiveCfg = Debug|Any CPU
		{31AC0FA6-2CC0-4F87-8B3F-DE25F5A49920}.Debug|Any CPU.Build.0 = Debug|Any CPU
		{31AC0FA6-2CC0-4F87-8B3F-DE25F5A49920}.Release|Any CPU.ActiveCfg = Release|Any CPU
		{31AC0FA6-2CC0-4F87-8B3F-DE25F5A49920}.Release|Any CPU.Build.0 = Release|Any CPU
		{2B1D207C-846D-4FAB-85A7-F82E51EA3922}.Debug|Any CPU.ActiveCfg = Debug|Any CPU
		{2B1D207C-846D-4FAB-85A7-F82E51EA3922}.Debug|Any CPU.Build.0 = Debug|Any CPU
		{2B1D207C-846D-4FAB-85A7-F82E51EA3922}.Release|Any CPU.ActiveCfg = Release|Any CPU
		{2B1D207C-846D-4FAB-85A7-F82E51EA3922}.Release|Any CPU.Build.0 = Release|Any CPU
		{44DCB102-CD8E-4F36-9D47-7730F9108491}.Debug|Any CPU.ActiveCfg = Debug|Any CPU
		{44DCB102-CD8E-4F36-9D47-7730F9108491}.Debug|Any CPU.Build.0 = Debug|Any CPU
		{44DCB102-CD8E-4F36-9D47-7730F9108491}.Release|Any CPU.ActiveCfg = Release|Any CPU
		{44DCB102-CD8E-4F36-9D47-7730F9108491}.Release|Any CPU.Build.0 = Release|Any CPU
		{CF0CCF2F-4AF0-4EE1-BA19-37E410F49AA8}.Debug|Any CPU.ActiveCfg = Debug|Any CPU
		{CF0CCF2F-4AF0-4EE1-BA19-37E410F49AA8}.Debug|Any CPU.Build.0 = Debug|Any CPU
		{CF0CCF2F-4AF0-4EE1-BA19-37E410F49AA8}.Release|Any CPU.ActiveCfg = Release|Any CPU
		{CF0CCF2F-4AF0-4EE1-BA19-37E410F49AA8}.Release|Any CPU.Build.0 = Release|Any CPU
		{B5343027-861B-40AB-95B8-2FFF42F76644}.Debug|Any CPU.ActiveCfg = Debug|Any CPU
		{B5343027-861B-40AB-95B8-2FFF42F76644}.Debug|Any CPU.Build.0 = Debug|Any CPU
		{B5343027-861B-40AB-95B8-2FFF42F76644}.Release|Any CPU.ActiveCfg = Release|Any CPU
		{B5343027-861B-40AB-95B8-2FFF42F76644}.Release|Any CPU.Build.0 = Release|Any CPU
		{4606D49C-E926-4F1D-B1A2-60836B3DDC4F}.Debug|Any CPU.ActiveCfg = Debug|Any CPU
		{4606D49C-E926-4F1D-B1A2-60836B3DDC4F}.Debug|Any CPU.Build.0 = Debug|Any CPU
		{4606D49C-E926-4F1D-B1A2-60836B3DDC4F}.Release|Any CPU.ActiveCfg = Release|Any CPU
		{4606D49C-E926-4F1D-B1A2-60836B3DDC4F}.Release|Any CPU.Build.0 = Release|Any CPU
	EndGlobalSection
	GlobalSection(SolutionProperties) = preSolution
		HideSolutionNode = FALSE
	EndGlobalSection
	GlobalSection(NestedProjects) = preSolution
		{B38E4D72-AD5C-4BF7-87F4-392EB639A693} = {C18ECDA1-22C1-414D-A61F-DDDB48479D71}
		{9C9A20ED-E876-4AF5-8A07-C0D40FF893E7} = {C00966CD-908A-48D0-9199-A3ACAB5F1D0E}
		{7E310C15-4435-43F1-A771-33D245E635FD} = {C00966CD-908A-48D0-9199-A3ACAB5F1D0E}
		{03879531-7267-4F43-ADE0-7E6AFBA59480} = {369391B2-7B10-40A0-B9C7-BD346C613F04}
		{C7DB7E18-E394-4E3B-B843-5C3CD968DC60} = {110B69AD-1D3E-477E-BA6F-EDB325AD4E53}
		{31AC0FA6-2CC0-4F87-8B3F-DE25F5A49920} = {110B69AD-1D3E-477E-BA6F-EDB325AD4E53}
		{2B1D207C-846D-4FAB-85A7-F82E51EA3922} = {8FA2BE87-D832-4899-8992-E09FD923ED43}
		{44DCB102-CD8E-4F36-9D47-7730F9108491} = {8FA2BE87-D832-4899-8992-E09FD923ED43}
		{CF0CCF2F-4AF0-4EE1-BA19-37E410F49AA8} = {94631D94-08FD-44C6-8256-4A725BA63E18}
		{B5343027-861B-40AB-95B8-2FFF42F76644} = {94631D94-08FD-44C6-8256-4A725BA63E18}
		{4606D49C-E926-4F1D-B1A2-60836B3DDC4F} = {3D9ADE34-DE27-46EE-9727-FA583C76EB04}
	EndGlobalSection
	GlobalSection(ExtensibilityGlobals) = postSolution
		SolutionGuid = {41D91E58-88D9-456B-B666-4378A27753BF}
	EndGlobalSection
EndGlobal
