
Microsoft Visual Studio Solution File, Format Version 12.00
# Visual Studio Version 17
VisualStudioVersion = 17.5.002.0
MinimumVisualStudioVersion = 10.0.40219.1
Project("{9A19103F-16F7-4668-BE54-9A1E7A4F7556}") = "Numbers", "Numbers\Numbers.csproj", "{A128EEBE-B0AA-45AC-AB9F-E44E78AAD861}"
EndProject
Project("{FAE04EC0-301F-11D3-BF4B-00C04F79EFBC}") = "PrimeService.UnitTests", "PrimeService.UnitTests\PrimeService.UnitTests.csproj", "{38ADE603-8BD4-45FC-B6D3-578F4E22BCF5}"
EndProject
Global
	GlobalSection(SolutionConfigurationPlatforms) = preSolution
		Debug|Any CPU = Debug|Any CPU
		Release|Any CPU = Release|Any CPU
	EndGlobalSection
	GlobalSection(ProjectConfigurationPlatforms) = postSolution
		{A128EEBE-B0AA-45AC-AB9F-E44E78AAD861}.Debug|Any CPU.ActiveCfg = Debug|Any CPU
		{A128EEBE-B0AA-45AC-AB9F-E44E78AAD861}.Debug|Any CPU.Build.0 = Debug|Any CPU
		{A128EEBE-B0AA-45AC-AB9F-E44E78AAD861}.Release|Any CPU.ActiveCfg = Release|Any CPU
		{A128EEBE-B0AA-45AC-AB9F-E44E78AAD861}.Release|Any CPU.Build.0 = Release|Any CPU
		{38ADE603-8BD4-45FC-B6D3-578F4E22BCF5}.Debug|Any CPU.ActiveCfg = Debug|Any CPU
		{38ADE603-8BD4-45FC-B6D3-578F4E22BCF5}.Debug|Any CPU.Build.0 = Debug|Any CPU
		{38ADE603-8BD4-45FC-B6D3-578F4E22BCF5}.Release|Any CPU.ActiveCfg = Release|Any CPU
		{38ADE603-8BD4-45FC-B6D3-578F4E22BCF5}.Release|Any CPU.Build.0 = Release|Any CPU
	EndGlobalSection
	GlobalSection(SolutionProperties) = preSolution
		HideSolutionNode = FALSE
	EndGlobalSection
	GlobalSection(ExtensibilityGlobals) = postSolution
		SolutionGuid = {C8328A92-825A-49DB-8B8F-01B5F779D0C6}
	EndGlobalSection
EndGlobal
