
Microsoft Visual Studio Solution File, Format Version 12.00
# Visual Studio Version 17
VisualStudioVersion = 17.5.002.0
MinimumVisualStudioVersion = 10.0.40219.1
Project("{9A19103F-16F7-4668-BE54-9A1E7A4F7556}") = "APL2007M3B", "APL2007M3B.csproj", "{364EC5B5-6485-4C4F-9507-C9A26090E81E}"
EndProject
Global
	GlobalSection(SolutionConfigurationPlatforms) = preSolution
		Debug|Any CPU = Debug|Any CPU
		Release|Any CPU = Release|Any CPU
	EndGlobalSection
	GlobalSection(ProjectConfigurationPlatforms) = postSolution
		{364EC5B5-6485-4C4F-9507-C9A26090E81E}.Debug|Any CPU.ActiveCfg = Debug|Any CPU
		{364EC5B5-6485-4C4F-9507-C9A26090E81E}.Debug|Any CPU.Build.0 = Debug|Any CPU
		{364EC5B5-6485-4C4F-9507-C9A26090E81E}.Release|Any CPU.ActiveCfg = Release|Any CPU
		{364EC5B5-6485-4C4F-9507-C9A26090E81E}.Release|Any CPU.Build.0 = Release|Any CPU
	EndGlobalSection
	GlobalSection(SolutionProperties) = preSolution
		HideSolutionNode = FALSE
	EndGlobalSection
	GlobalSection(ExtensibilityGlobals) = postSolution
		SolutionGuid = {AAB989C9-1052-43FC-AC02-72973E97F66D}
	EndGlobalSection
EndGlobal
